// !$*UTF8*$!
{
	archiveVersion = 1;
	classes = {
	};
	objectVersion = 50;
	objects = {

/* Begin PBXBuildFile section */
		D5194CCA22ECED24001FB3EF /* ViewModelType.swift in Sources */ = {isa = PBXBuildFile; fileRef = D5194CC922ECED24001FB3EF /* ViewModelType.swift */; };
		D5194CCD22ECED4C001FB3EF /* ActivityIndicator.swift in Sources */ = {isa = PBXBuildFile; fileRef = D5194CCC22ECED4C001FB3EF /* ActivityIndicator.swift */; };
		D5194CCF22ECED58001FB3EF /* ErrorTracker.swift in Sources */ = {isa = PBXBuildFile; fileRef = D5194CCE22ECED58001FB3EF /* ErrorTracker.swift */; };
		D5194CD122ECED65001FB3EF /* Observable+Ext.swift in Sources */ = {isa = PBXBuildFile; fileRef = D5194CD022ECED65001FB3EF /* Observable+Ext.swift */; };
		D5194CD322ECED6F001FB3EF /* Reusable.swift in Sources */ = {isa = PBXBuildFile; fileRef = D5194CD222ECED6F001FB3EF /* Reusable.swift */; };
		D5194CDD22ECEE98001FB3EF /* MoviesNavigator.swift in Sources */ = {isa = PBXBuildFile; fileRef = D5194CDC22ECEE98001FB3EF /* MoviesNavigator.swift */; };
		D5194CDF22ECEFA7001FB3EF /* MoviesViewModel.swift in Sources */ = {isa = PBXBuildFile; fileRef = D5194CDE22ECEFA7001FB3EF /* MoviesViewModel.swift */; };
		D5194CE122ECF1D3001FB3EF /* MovieItemViewModel.swift in Sources */ = {isa = PBXBuildFile; fileRef = D5194CE022ECF1D3001FB3EF /* MovieItemViewModel.swift */; };
		D5194CE722ECF657001FB3EF /* MoviesViewController.swift in Sources */ = {isa = PBXBuildFile; fileRef = D5194CE622ECF657001FB3EF /* MoviesViewController.swift */; };
		D5194CE922ECFD55001FB3EF /* NowPlayingMoviesTableViewCell.swift in Sources */ = {isa = PBXBuildFile; fileRef = D5194CE822ECFD55001FB3EF /* NowPlayingMoviesTableViewCell.swift */; };
		D5194CEB22ECFD72001FB3EF /* PopularMoviesTableViewCell.swift in Sources */ = {isa = PBXBuildFile; fileRef = D5194CEA22ECFD72001FB3EF /* PopularMoviesTableViewCell.swift */; };
		D5194CED22ED04B1001FB3EF /* TopRatedMoviesTableViewCell.swift in Sources */ = {isa = PBXBuildFile; fileRef = D5194CEC22ED04B1001FB3EF /* TopRatedMoviesTableViewCell.swift */; };
		D59091E522EDCF9D00DB907B /* MovieItemCollectionViewCell.xib in Resources */ = {isa = PBXBuildFile; fileRef = D59091E422EDCF9D00DB907B /* MovieItemCollectionViewCell.xib */; };
		D59091E822EDE94C00DB907B /* RxKingfisher.framework in Frameworks */ = {isa = PBXBuildFile; fileRef = D59091E622EDE94C00DB907B /* RxKingfisher.framework */; };
		D59091E922EDE94C00DB907B /* Kingfisher.framework in Frameworks */ = {isa = PBXBuildFile; fileRef = D59091E722EDE94C00DB907B /* Kingfisher.framework */; };
		D59091EB22EDEAD500DB907B /* StringExtensions.swift in Sources */ = {isa = PBXBuildFile; fileRef = D59091EA22EDEAD500DB907B /* StringExtensions.swift */; };
		D59091EC22EDEBED00DB907B /* Kingfisher.framework in Frameworks */ = {isa = PBXBuildFile; fileRef = D59091E722EDE94C00DB907B /* Kingfisher.framework */; };
		D59091ED22EDEBED00DB907B /* Kingfisher.framework in CopyFiles */ = {isa = PBXBuildFile; fileRef = D59091E722EDE94C00DB907B /* Kingfisher.framework */; settings = {ATTRIBUTES = (CodeSignOnCopy, RemoveHeadersOnCopy, ); }; };
		D59091EE22EDEBED00DB907B /* RxKingfisher.framework in Frameworks */ = {isa = PBXBuildFile; fileRef = D59091E622EDE94C00DB907B /* RxKingfisher.framework */; };
		D59091EF22EDEBED00DB907B /* RxKingfisher.framework in CopyFiles */ = {isa = PBXBuildFile; fileRef = D59091E622EDE94C00DB907B /* RxKingfisher.framework */; settings = {ATTRIBUTES = (CodeSignOnCopy, RemoveHeadersOnCopy, ); }; };
		D593BDBD22EE3D65003F8EC7 /* MovieDetailViewModel.swift in Sources */ = {isa = PBXBuildFile; fileRef = D593BDBC22EE3D65003F8EC7 /* MovieDetailViewModel.swift */; };
		D593BDC122EE3D9C003F8EC7 /* MovieDetailItemViewModel.swift in Sources */ = {isa = PBXBuildFile; fileRef = D593BDC022EE3D9C003F8EC7 /* MovieDetailItemViewModel.swift */; };
		D593BDC322EE3E34003F8EC7 /* MovieDetailNavigator.swift in Sources */ = {isa = PBXBuildFile; fileRef = D593BDC222EE3E34003F8EC7 /* MovieDetailNavigator.swift */; };
		D5C0014722EDB486009112EF /* MovieItemCollectionViewCell.swift in Sources */ = {isa = PBXBuildFile; fileRef = D5C0014622EDB486009112EF /* MovieItemCollectionViewCell.swift */; };
		D5D954AA22EC68A700D1C00C /* AppDelegate.swift in Sources */ = {isa = PBXBuildFile; fileRef = D5D954A922EC68A700D1C00C /* AppDelegate.swift */; };
		D5D954AC22EC68A700D1C00C /* ViewController.swift in Sources */ = {isa = PBXBuildFile; fileRef = D5D954AB22EC68A700D1C00C /* ViewController.swift */; };
		D5D954AF22EC68A700D1C00C /* Main.storyboard in Resources */ = {isa = PBXBuildFile; fileRef = D5D954AD22EC68A700D1C00C /* Main.storyboard */; };
		D5D954B122EC68A800D1C00C /* Assets.xcassets in Resources */ = {isa = PBXBuildFile; fileRef = D5D954B022EC68A800D1C00C /* Assets.xcassets */; };
		D5D954B422EC68A800D1C00C /* LaunchScreen.storyboard in Resources */ = {isa = PBXBuildFile; fileRef = D5D954B222EC68A800D1C00C /* LaunchScreen.storyboard */; };
		D5D954C422EC7F6400D1C00C /* Result.framework in Frameworks */ = {isa = PBXBuildFile; fileRef = D5D954BC22EC7F6400D1C00C /* Result.framework */; };
		D5D954C522EC7F6400D1C00C /* Alamofire.framework in Frameworks */ = {isa = PBXBuildFile; fileRef = D5D954BD22EC7F6400D1C00C /* Alamofire.framework */; };
		D5D954C622EC7F6400D1C00C /* RxAtomic.framework in Frameworks */ = {isa = PBXBuildFile; fileRef = D5D954BE22EC7F6400D1C00C /* RxAtomic.framework */; };
		D5D954C722EC7F6400D1C00C /* RxMoya.framework in Frameworks */ = {isa = PBXBuildFile; fileRef = D5D954BF22EC7F6400D1C00C /* RxMoya.framework */; };
		D5D954C822EC7F6400D1C00C /* RxBlocking.framework in Frameworks */ = {isa = PBXBuildFile; fileRef = D5D954C022EC7F6400D1C00C /* RxBlocking.framework */; };
		D5D954C922EC7F6400D1C00C /* RxCocoa.framework in Frameworks */ = {isa = PBXBuildFile; fileRef = D5D954C122EC7F6400D1C00C /* RxCocoa.framework */; };
		D5D954CA22EC7F6400D1C00C /* RxSwift.framework in Frameworks */ = {isa = PBXBuildFile; fileRef = D5D954C222EC7F6400D1C00C /* RxSwift.framework */; };
		D5D954CB22EC7F6400D1C00C /* Moya.framework in Frameworks */ = {isa = PBXBuildFile; fileRef = D5D954C322EC7F6400D1C00C /* Moya.framework */; };
		D5D954CD22EC7FA100D1C00C /* Alamofire.framework in CopyFiles */ = {isa = PBXBuildFile; fileRef = D5D954BD22EC7F6400D1C00C /* Alamofire.framework */; settings = {ATTRIBUTES = (CodeSignOnCopy, RemoveHeadersOnCopy, ); }; };
		D5D954CE22EC7FA100D1C00C /* Moya.framework in CopyFiles */ = {isa = PBXBuildFile; fileRef = D5D954C322EC7F6400D1C00C /* Moya.framework */; settings = {ATTRIBUTES = (CodeSignOnCopy, RemoveHeadersOnCopy, ); }; };
		D5D954CF22EC7FA100D1C00C /* Result.framework in CopyFiles */ = {isa = PBXBuildFile; fileRef = D5D954BC22EC7F6400D1C00C /* Result.framework */; settings = {ATTRIBUTES = (CodeSignOnCopy, RemoveHeadersOnCopy, ); }; };
		D5D954D022EC7FA100D1C00C /* RxAtomic.framework in CopyFiles */ = {isa = PBXBuildFile; fileRef = D5D954BE22EC7F6400D1C00C /* RxAtomic.framework */; settings = {ATTRIBUTES = (CodeSignOnCopy, RemoveHeadersOnCopy, ); }; };
		D5D954D122EC7FA100D1C00C /* RxBlocking.framework in CopyFiles */ = {isa = PBXBuildFile; fileRef = D5D954C022EC7F6400D1C00C /* RxBlocking.framework */; settings = {ATTRIBUTES = (CodeSignOnCopy, RemoveHeadersOnCopy, ); }; };
		D5D954D222EC7FA100D1C00C /* RxCocoa.framework in CopyFiles */ = {isa = PBXBuildFile; fileRef = D5D954C122EC7F6400D1C00C /* RxCocoa.framework */; settings = {ATTRIBUTES = (CodeSignOnCopy, RemoveHeadersOnCopy, ); }; };
		D5D954D322EC7FA100D1C00C /* RxMoya.framework in CopyFiles */ = {isa = PBXBuildFile; fileRef = D5D954BF22EC7F6400D1C00C /* RxMoya.framework */; settings = {ATTRIBUTES = (CodeSignOnCopy, RemoveHeadersOnCopy, ); }; };
		D5D954D422EC7FA100D1C00C /* RxSwift.framework in CopyFiles */ = {isa = PBXBuildFile; fileRef = D5D954C222EC7F6400D1C00C /* RxSwift.framework */; settings = {ATTRIBUTES = (CodeSignOnCopy, RemoveHeadersOnCopy, ); }; };
		D5D954DE22EC80F600D1C00C /* Domain.h in Headers */ = {isa = PBXBuildFile; fileRef = D5D954DC22EC80F600D1C00C /* Domain.h */; settings = {ATTRIBUTES = (Public, ); }; };
		D5D954E122EC80F600D1C00C /* Domain.framework in Frameworks */ = {isa = PBXBuildFile; fileRef = D5D954DA22EC80F600D1C00C /* Domain.framework */; };
		D5D954E222EC80F600D1C00C /* Domain.framework in CopyFiles */ = {isa = PBXBuildFile; fileRef = D5D954DA22EC80F600D1C00C /* Domain.framework */; settings = {ATTRIBUTES = (CodeSignOnCopy, RemoveHeadersOnCopy, ); }; };
		D5D954EF22EC811500D1C00C /* NetworkPlatform.h in Headers */ = {isa = PBXBuildFile; fileRef = D5D954ED22EC811500D1C00C /* NetworkPlatform.h */; settings = {ATTRIBUTES = (Public, ); }; };
		D5D954F222EC811500D1C00C /* NetworkPlatform.framework in Frameworks */ = {isa = PBXBuildFile; fileRef = D5D954EB22EC811500D1C00C /* NetworkPlatform.framework */; };
		D5D954F322EC811500D1C00C /* NetworkPlatform.framework in CopyFiles */ = {isa = PBXBuildFile; fileRef = D5D954EB22EC811500D1C00C /* NetworkPlatform.framework */; settings = {ATTRIBUTES = (CodeSignOnCopy, RemoveHeadersOnCopy, ); }; };
		D5D954F922EC819300D1C00C /* UseCaseProvider.swift in Sources */ = {isa = PBXBuildFile; fileRef = D5D954F822EC819300D1C00C /* UseCaseProvider.swift */; };
		D5D954FD22EC82F500D1C00C /* MoviesUseCase.swift in Sources */ = {isa = PBXBuildFile; fileRef = D5D954FC22EC82F500D1C00C /* MoviesUseCase.swift */; };
		D5D9550122EC832100D1C00C /* TVShowsUseCase.swift in Sources */ = {isa = PBXBuildFile; fileRef = D5D9550022EC832100D1C00C /* TVShowsUseCase.swift */; };
		D5D9550322EC832F00D1C00C /* ProfileUseCase.swift in Sources */ = {isa = PBXBuildFile; fileRef = D5D9550222EC832F00D1C00C /* ProfileUseCase.swift */; };
		D5D9550622EC870C00D1C00C /* Movie.swift in Sources */ = {isa = PBXBuildFile; fileRef = D5D9550522EC870C00D1C00C /* Movie.swift */; };
		D5D9550822EC885900D1C00C /* TVShow.swift in Sources */ = {isa = PBXBuildFile; fileRef = D5D9550722EC885900D1C00C /* TVShow.swift */; };
		D5D9550922EC8C1E00D1C00C /* RxSwift.framework in Frameworks */ = {isa = PBXBuildFile; fileRef = D5D954C222EC7F6400D1C00C /* RxSwift.framework */; };
		D5D9550B22EC8D8100D1C00C /* MovieDetail.swift in Sources */ = {isa = PBXBuildFile; fileRef = D5D9550A22EC8D8100D1C00C /* MovieDetail.swift */; };
		D5D9550D22EC8E3600D1C00C /* Credits.swift in Sources */ = {isa = PBXBuildFile; fileRef = D5D9550C22EC8E3600D1C00C /* Credits.swift */; };
		D5D9551122EC8F1200D1C00C /* TVShowDetail.swift in Sources */ = {isa = PBXBuildFile; fileRef = D5D9551022EC8F1200D1C00C /* TVShowDetail.swift */; };
		D5D9551922EC922F00D1C00C /* RxSwift.framework in Frameworks */ = {isa = PBXBuildFile; fileRef = D5D954C222EC7F6400D1C00C /* RxSwift.framework */; };
		D5D9551A22EC923B00D1C00C /* Moya.framework in Frameworks */ = {isa = PBXBuildFile; fileRef = D5D954C322EC7F6400D1C00C /* Moya.framework */; };
		D5D9551D22EC929D00D1C00C /* Domain.framework in Frameworks */ = {isa = PBXBuildFile; fileRef = D5D954DA22EC80F600D1C00C /* Domain.framework */; };
		D5D9552222EC940A00D1C00C /* MDApi.swift in Sources */ = {isa = PBXBuildFile; fileRef = D5D9552122EC940A00D1C00C /* MDApi.swift */; };
		D5D9552622EC97D200D1C00C /* MovieNetwork.swift in Sources */ = {isa = PBXBuildFile; fileRef = D5D9552522EC97D200D1C00C /* MovieNetwork.swift */; };
		D5D9552822EC97DA00D1C00C /* TVShowNetwork.swift in Sources */ = {isa = PBXBuildFile; fileRef = D5D9552722EC97DA00D1C00C /* TVShowNetwork.swift */; };
		D5D9552C22EC9C9A00D1C00C /* NetworkProvider.swift in Sources */ = {isa = PBXBuildFile; fileRef = D5D9552B22EC9C9A00D1C00C /* NetworkProvider.swift */; };
		D5D9554122ECA7BB00D1C00C /* Application.swift in Sources */ = {isa = PBXBuildFile; fileRef = D5D9554022ECA7BB00D1C00C /* Application.swift */; };
		D5D9554422ECA8E600D1C00C /* UseCaseProvider.swift in Sources */ = {isa = PBXBuildFile; fileRef = D5D9554322ECA8E600D1C00C /* UseCaseProvider.swift */; };
		D5D9554622ECA98F00D1C00C /* MoviesUseCase.swift in Sources */ = {isa = PBXBuildFile; fileRef = D5D9554522ECA98F00D1C00C /* MoviesUseCase.swift */; };
		D5D9554822ECA99800D1C00C /* TVShowUseCase.swift in Sources */ = {isa = PBXBuildFile; fileRef = D5D9554722ECA99800D1C00C /* TVShowUseCase.swift */; };
		D5E33EA322EF217E0027B85E /* CreditsItemCollectionViewCell.swift in Sources */ = {isa = PBXBuildFile; fileRef = D5E33EA122EF217E0027B85E /* CreditsItemCollectionViewCell.swift */; };
		D5E33EA422EF217E0027B85E /* CreditsItemCollectionViewCell.xib in Resources */ = {isa = PBXBuildFile; fileRef = D5E33EA222EF217E0027B85E /* CreditsItemCollectionViewCell.xib */; };
		D5E33EA622EF26C90027B85E /* CreditsItemViewModel.swift in Sources */ = {isa = PBXBuildFile; fileRef = D5E33EA522EF26C90027B85E /* CreditsItemViewModel.swift */; };
		D5E33EA922F097830027B85E /* MovieBackDropItemCollectionViewCell.swift in Sources */ = {isa = PBXBuildFile; fileRef = D5E33EA722F097830027B85E /* MovieBackDropItemCollectionViewCell.swift */; };
		D5E33EAA22F097830027B85E /* MovieBackDropItemCollectionViewCell.xib in Resources */ = {isa = PBXBuildFile; fileRef = D5E33EA822F097830027B85E /* MovieBackDropItemCollectionViewCell.xib */; };
		D5E33EAC22F09A2A0027B85E /* TVShowsViewController.swift in Sources */ = {isa = PBXBuildFile; fileRef = D5E33EAB22F09A2A0027B85E /* TVShowsViewController.swift */; };
		D5E33EAE22F09A420027B85E /* TVShowsViewModel.swift in Sources */ = {isa = PBXBuildFile; fileRef = D5E33EAD22F09A420027B85E /* TVShowsViewModel.swift */; };
		D5E33EB322F0A2C70027B85E /* TVShowItemViewModel.swift in Sources */ = {isa = PBXBuildFile; fileRef = D5E33EB222F0A2C70027B85E /* TVShowItemViewModel.swift */; };
		D5E33EB522F0A38A0027B85E /* TVShowsNavigator.swift in Sources */ = {isa = PBXBuildFile; fileRef = D5E33EB422F0A38A0027B85E /* TVShowsNavigator.swift */; };
		D5E33EB922F0DD3E0027B85E /* PopularTVShowsTableViewCell.swift in Sources */ = {isa = PBXBuildFile; fileRef = D5E33EB822F0DD3E0027B85E /* PopularTVShowsTableViewCell.swift */; };
		D5E33EBB22F0E3D80027B85E /* TVShowDetailViewModel.swift in Sources */ = {isa = PBXBuildFile; fileRef = D5E33EBA22F0E3D80027B85E /* TVShowDetailViewModel.swift */; };
		D5E33EBD22F0E3E80027B85E /* TVShowDetailViewController.swift in Sources */ = {isa = PBXBuildFile; fileRef = D5E33EBC22F0E3E80027B85E /* TVShowDetailViewController.swift */; };
		D5E33EBF22F0E4350027B85E /* TVShowDetailItemViewModel.swift in Sources */ = {isa = PBXBuildFile; fileRef = D5E33EBE22F0E4350027B85E /* TVShowDetailItemViewModel.swift */; };
		D5E33EC122F0E4910027B85E /* TVShowDetailNavigator.swift in Sources */ = {isa = PBXBuildFile; fileRef = D5E33EC022F0E4910027B85E /* TVShowDetailNavigator.swift */; };
		D5E33EC322F0E7C30027B85E /* MovieDetailViewController.swift in Sources */ = {isa = PBXBuildFile; fileRef = D5E33EC222F0E7C20027B85E /* MovieDetailViewController.swift */; };
/* End PBXBuildFile section */

/* Begin PBXContainerItemProxy section */
		D5D954DF22EC80F600D1C00C /* PBXContainerItemProxy */ = {
			isa = PBXContainerItemProxy;
			containerPortal = D5D9549E22EC68A700D1C00C /* Project object */;
			proxyType = 1;
			remoteGlobalIDString = D5D954D922EC80F600D1C00C;
			remoteInfo = Domain;
		};
		D5D954F022EC811500D1C00C /* PBXContainerItemProxy */ = {
			isa = PBXContainerItemProxy;
			containerPortal = D5D9549E22EC68A700D1C00C /* Project object */;
			proxyType = 1;
			remoteGlobalIDString = D5D954EA22EC811500D1C00C;
			remoteInfo = NetworkPlatform;
		};
/* End PBXContainerItemProxy section */

/* Begin PBXCopyFilesBuildPhase section */
		D5D954CC22EC7F7A00D1C00C /* CopyFiles */ = {
			isa = PBXCopyFilesBuildPhase;
			buildActionMask = 2147483647;
			dstPath = "";
			dstSubfolderSpec = 10;
			files = (
				D5D954CD22EC7FA100D1C00C /* Alamofire.framework in CopyFiles */,
				D5D954CE22EC7FA100D1C00C /* Moya.framework in CopyFiles */,
				D5D954CF22EC7FA100D1C00C /* Result.framework in CopyFiles */,
				D5D954E222EC80F600D1C00C /* Domain.framework in CopyFiles */,
				D5D954D022EC7FA100D1C00C /* RxAtomic.framework in CopyFiles */,
				D5D954D122EC7FA100D1C00C /* RxBlocking.framework in CopyFiles */,
				D59091EF22EDEBED00DB907B /* RxKingfisher.framework in CopyFiles */,
				D5D954F322EC811500D1C00C /* NetworkPlatform.framework in CopyFiles */,
				D5D954D222EC7FA100D1C00C /* RxCocoa.framework in CopyFiles */,
				D5D954D322EC7FA100D1C00C /* RxMoya.framework in CopyFiles */,
				D59091ED22EDEBED00DB907B /* Kingfisher.framework in CopyFiles */,
				D5D954D422EC7FA100D1C00C /* RxSwift.framework in CopyFiles */,
			);
			runOnlyForDeploymentPostprocessing = 0;
		};
/* End PBXCopyFilesBuildPhase section */

/* Begin PBXFileReference section */
		D5194CC922ECED24001FB3EF /* ViewModelType.swift */ = {isa = PBXFileReference; lastKnownFileType = sourcecode.swift; path = ViewModelType.swift; sourceTree = "<group>"; };
		D5194CCC22ECED4C001FB3EF /* ActivityIndicator.swift */ = {isa = PBXFileReference; lastKnownFileType = sourcecode.swift; path = ActivityIndicator.swift; sourceTree = "<group>"; };
		D5194CCE22ECED58001FB3EF /* ErrorTracker.swift */ = {isa = PBXFileReference; lastKnownFileType = sourcecode.swift; path = ErrorTracker.swift; sourceTree = "<group>"; };
		D5194CD022ECED65001FB3EF /* Observable+Ext.swift */ = {isa = PBXFileReference; lastKnownFileType = sourcecode.swift; path = "Observable+Ext.swift"; sourceTree = "<group>"; };
		D5194CD222ECED6F001FB3EF /* Reusable.swift */ = {isa = PBXFileReference; lastKnownFileType = sourcecode.swift; path = Reusable.swift; sourceTree = "<group>"; };
		D5194CDC22ECEE98001FB3EF /* MoviesNavigator.swift */ = {isa = PBXFileReference; lastKnownFileType = sourcecode.swift; path = MoviesNavigator.swift; sourceTree = "<group>"; };
		D5194CDE22ECEFA7001FB3EF /* MoviesViewModel.swift */ = {isa = PBXFileReference; lastKnownFileType = sourcecode.swift; path = MoviesViewModel.swift; sourceTree = "<group>"; };
		D5194CE022ECF1D3001FB3EF /* MovieItemViewModel.swift */ = {isa = PBXFileReference; lastKnownFileType = sourcecode.swift; path = MovieItemViewModel.swift; sourceTree = "<group>"; };
		D5194CE622ECF657001FB3EF /* MoviesViewController.swift */ = {isa = PBXFileReference; lastKnownFileType = sourcecode.swift; path = MoviesViewController.swift; sourceTree = "<group>"; };
		D5194CE822ECFD55001FB3EF /* NowPlayingMoviesTableViewCell.swift */ = {isa = PBXFileReference; lastKnownFileType = sourcecode.swift; path = NowPlayingMoviesTableViewCell.swift; sourceTree = "<group>"; };
		D5194CEA22ECFD72001FB3EF /* PopularMoviesTableViewCell.swift */ = {isa = PBXFileReference; lastKnownFileType = sourcecode.swift; path = PopularMoviesTableViewCell.swift; sourceTree = "<group>"; };
		D5194CEC22ED04B1001FB3EF /* TopRatedMoviesTableViewCell.swift */ = {isa = PBXFileReference; lastKnownFileType = sourcecode.swift; path = TopRatedMoviesTableViewCell.swift; sourceTree = "<group>"; };
		D59091E422EDCF9D00DB907B /* MovieItemCollectionViewCell.xib */ = {isa = PBXFileReference; lastKnownFileType = file.xib; path = MovieItemCollectionViewCell.xib; sourceTree = "<group>"; };
		D59091E622EDE94C00DB907B /* RxKingfisher.framework */ = {isa = PBXFileReference; lastKnownFileType = wrapper.framework; name = RxKingfisher.framework; path = Carthage/Build/iOS/RxKingfisher.framework; sourceTree = "<group>"; };
		D59091E722EDE94C00DB907B /* Kingfisher.framework */ = {isa = PBXFileReference; lastKnownFileType = wrapper.framework; name = Kingfisher.framework; path = Carthage/Build/iOS/Kingfisher.framework; sourceTree = "<group>"; };
		D59091EA22EDEAD500DB907B /* StringExtensions.swift */ = {isa = PBXFileReference; lastKnownFileType = sourcecode.swift; path = StringExtensions.swift; sourceTree = "<group>"; };
		D593BDBC22EE3D65003F8EC7 /* MovieDetailViewModel.swift */ = {isa = PBXFileReference; lastKnownFileType = sourcecode.swift; path = MovieDetailViewModel.swift; sourceTree = "<group>"; };
		D593BDC022EE3D9C003F8EC7 /* MovieDetailItemViewModel.swift */ = {isa = PBXFileReference; lastKnownFileType = sourcecode.swift; path = MovieDetailItemViewModel.swift; sourceTree = "<group>"; };
		D593BDC222EE3E34003F8EC7 /* MovieDetailNavigator.swift */ = {isa = PBXFileReference; lastKnownFileType = sourcecode.swift; path = MovieDetailNavigator.swift; sourceTree = "<group>"; };
		D5C0014622EDB486009112EF /* MovieItemCollectionViewCell.swift */ = {isa = PBXFileReference; lastKnownFileType = sourcecode.swift; path = MovieItemCollectionViewCell.swift; sourceTree = "<group>"; };
		D5D954A622EC68A700D1C00C /* MovieDB.app */ = {isa = PBXFileReference; explicitFileType = wrapper.application; includeInIndex = 0; path = MovieDB.app; sourceTree = BUILT_PRODUCTS_DIR; };
		D5D954A922EC68A700D1C00C /* AppDelegate.swift */ = {isa = PBXFileReference; lastKnownFileType = sourcecode.swift; path = AppDelegate.swift; sourceTree = "<group>"; };
		D5D954AB22EC68A700D1C00C /* ViewController.swift */ = {isa = PBXFileReference; lastKnownFileType = sourcecode.swift; path = ViewController.swift; sourceTree = "<group>"; };
		D5D954AE22EC68A700D1C00C /* Base */ = {isa = PBXFileReference; lastKnownFileType = file.storyboard; name = Base; path = Base.lproj/Main.storyboard; sourceTree = "<group>"; };
		D5D954B022EC68A800D1C00C /* Assets.xcassets */ = {isa = PBXFileReference; lastKnownFileType = folder.assetcatalog; path = Assets.xcassets; sourceTree = "<group>"; };
		D5D954B322EC68A800D1C00C /* Base */ = {isa = PBXFileReference; lastKnownFileType = file.storyboard; name = Base; path = Base.lproj/LaunchScreen.storyboard; sourceTree = "<group>"; };
		D5D954B522EC68A800D1C00C /* Info.plist */ = {isa = PBXFileReference; lastKnownFileType = text.plist.xml; path = Info.plist; sourceTree = "<group>"; };
		D5D954BC22EC7F6400D1C00C /* Result.framework */ = {isa = PBXFileReference; lastKnownFileType = wrapper.framework; name = Result.framework; path = Carthage/Build/iOS/Result.framework; sourceTree = "<group>"; };
		D5D954BD22EC7F6400D1C00C /* Alamofire.framework */ = {isa = PBXFileReference; lastKnownFileType = wrapper.framework; name = Alamofire.framework; path = Carthage/Build/iOS/Alamofire.framework; sourceTree = "<group>"; };
		D5D954BE22EC7F6400D1C00C /* RxAtomic.framework */ = {isa = PBXFileReference; lastKnownFileType = wrapper.framework; name = RxAtomic.framework; path = Carthage/Build/iOS/RxAtomic.framework; sourceTree = "<group>"; };
		D5D954BF22EC7F6400D1C00C /* RxMoya.framework */ = {isa = PBXFileReference; lastKnownFileType = wrapper.framework; name = RxMoya.framework; path = Carthage/Build/iOS/RxMoya.framework; sourceTree = "<group>"; };
		D5D954C022EC7F6400D1C00C /* RxBlocking.framework */ = {isa = PBXFileReference; lastKnownFileType = wrapper.framework; name = RxBlocking.framework; path = Carthage/Build/iOS/RxBlocking.framework; sourceTree = "<group>"; };
		D5D954C122EC7F6400D1C00C /* RxCocoa.framework */ = {isa = PBXFileReference; lastKnownFileType = wrapper.framework; name = RxCocoa.framework; path = Carthage/Build/iOS/RxCocoa.framework; sourceTree = "<group>"; };
		D5D954C222EC7F6400D1C00C /* RxSwift.framework */ = {isa = PBXFileReference; lastKnownFileType = wrapper.framework; name = RxSwift.framework; path = Carthage/Build/iOS/RxSwift.framework; sourceTree = "<group>"; };
		D5D954C322EC7F6400D1C00C /* Moya.framework */ = {isa = PBXFileReference; lastKnownFileType = wrapper.framework; name = Moya.framework; path = Carthage/Build/iOS/Moya.framework; sourceTree = "<group>"; };
		D5D954DA22EC80F600D1C00C /* Domain.framework */ = {isa = PBXFileReference; explicitFileType = wrapper.framework; includeInIndex = 0; path = Domain.framework; sourceTree = BUILT_PRODUCTS_DIR; };
		D5D954DC22EC80F600D1C00C /* Domain.h */ = {isa = PBXFileReference; lastKnownFileType = sourcecode.c.h; path = Domain.h; sourceTree = "<group>"; };
		D5D954DD22EC80F600D1C00C /* Info.plist */ = {isa = PBXFileReference; lastKnownFileType = text.plist.xml; path = Info.plist; sourceTree = "<group>"; };
		D5D954EB22EC811500D1C00C /* NetworkPlatform.framework */ = {isa = PBXFileReference; explicitFileType = wrapper.framework; includeInIndex = 0; path = NetworkPlatform.framework; sourceTree = BUILT_PRODUCTS_DIR; };
		D5D954ED22EC811500D1C00C /* NetworkPlatform.h */ = {isa = PBXFileReference; lastKnownFileType = sourcecode.c.h; path = NetworkPlatform.h; sourceTree = "<group>"; };
		D5D954EE22EC811500D1C00C /* Info.plist */ = {isa = PBXFileReference; lastKnownFileType = text.plist.xml; path = Info.plist; sourceTree = "<group>"; };
		D5D954F822EC819300D1C00C /* UseCaseProvider.swift */ = {isa = PBXFileReference; lastKnownFileType = sourcecode.swift; path = UseCaseProvider.swift; sourceTree = "<group>"; };
		D5D954FC22EC82F500D1C00C /* MoviesUseCase.swift */ = {isa = PBXFileReference; lastKnownFileType = sourcecode.swift; path = MoviesUseCase.swift; sourceTree = "<group>"; };
		D5D9550022EC832100D1C00C /* TVShowsUseCase.swift */ = {isa = PBXFileReference; lastKnownFileType = sourcecode.swift; path = TVShowsUseCase.swift; sourceTree = "<group>"; };
		D5D9550222EC832F00D1C00C /* ProfileUseCase.swift */ = {isa = PBXFileReference; lastKnownFileType = sourcecode.swift; path = ProfileUseCase.swift; sourceTree = "<group>"; };
		D5D9550522EC870C00D1C00C /* Movie.swift */ = {isa = PBXFileReference; lastKnownFileType = sourcecode.swift; path = Movie.swift; sourceTree = "<group>"; };
		D5D9550722EC885900D1C00C /* TVShow.swift */ = {isa = PBXFileReference; lastKnownFileType = sourcecode.swift; path = TVShow.swift; sourceTree = "<group>"; };
		D5D9550A22EC8D8100D1C00C /* MovieDetail.swift */ = {isa = PBXFileReference; lastKnownFileType = sourcecode.swift; path = MovieDetail.swift; sourceTree = "<group>"; };
		D5D9550C22EC8E3600D1C00C /* Credits.swift */ = {isa = PBXFileReference; lastKnownFileType = sourcecode.swift; path = Credits.swift; sourceTree = "<group>"; };
		D5D9551022EC8F1200D1C00C /* TVShowDetail.swift */ = {isa = PBXFileReference; lastKnownFileType = sourcecode.swift; path = TVShowDetail.swift; sourceTree = "<group>"; };
		D5D9552122EC940A00D1C00C /* MDApi.swift */ = {isa = PBXFileReference; lastKnownFileType = sourcecode.swift; path = MDApi.swift; sourceTree = "<group>"; };
		D5D9552522EC97D200D1C00C /* MovieNetwork.swift */ = {isa = PBXFileReference; lastKnownFileType = sourcecode.swift; path = MovieNetwork.swift; sourceTree = "<group>"; };
		D5D9552722EC97DA00D1C00C /* TVShowNetwork.swift */ = {isa = PBXFileReference; lastKnownFileType = sourcecode.swift; path = TVShowNetwork.swift; sourceTree = "<group>"; };
		D5D9552B22EC9C9A00D1C00C /* NetworkProvider.swift */ = {isa = PBXFileReference; lastKnownFileType = sourcecode.swift; path = NetworkProvider.swift; sourceTree = "<group>"; };
		D5D9554022ECA7BB00D1C00C /* Application.swift */ = {isa = PBXFileReference; lastKnownFileType = sourcecode.swift; path = Application.swift; sourceTree = "<group>"; };
		D5D9554322ECA8E600D1C00C /* UseCaseProvider.swift */ = {isa = PBXFileReference; lastKnownFileType = sourcecode.swift; path = UseCaseProvider.swift; sourceTree = "<group>"; };
		D5D9554522ECA98F00D1C00C /* MoviesUseCase.swift */ = {isa = PBXFileReference; lastKnownFileType = sourcecode.swift; path = MoviesUseCase.swift; sourceTree = "<group>"; };
		D5D9554722ECA99800D1C00C /* TVShowUseCase.swift */ = {isa = PBXFileReference; lastKnownFileType = sourcecode.swift; path = TVShowUseCase.swift; sourceTree = "<group>"; };
		D5E33EA122EF217E0027B85E /* CreditsItemCollectionViewCell.swift */ = {isa = PBXFileReference; lastKnownFileType = sourcecode.swift; path = CreditsItemCollectionViewCell.swift; sourceTree = "<group>"; };
		D5E33EA222EF217E0027B85E /* CreditsItemCollectionViewCell.xib */ = {isa = PBXFileReference; lastKnownFileType = file.xib; path = CreditsItemCollectionViewCell.xib; sourceTree = "<group>"; };
		D5E33EA522EF26C90027B85E /* CreditsItemViewModel.swift */ = {isa = PBXFileReference; lastKnownFileType = sourcecode.swift; path = CreditsItemViewModel.swift; sourceTree = "<group>"; };
		D5E33EA722F097830027B85E /* MovieBackDropItemCollectionViewCell.swift */ = {isa = PBXFileReference; lastKnownFileType = sourcecode.swift; path = MovieBackDropItemCollectionViewCell.swift; sourceTree = "<group>"; };
		D5E33EA822F097830027B85E /* MovieBackDropItemCollectionViewCell.xib */ = {isa = PBXFileReference; lastKnownFileType = file.xib; path = MovieBackDropItemCollectionViewCell.xib; sourceTree = "<group>"; };
		D5E33EAB22F09A2A0027B85E /* TVShowsViewController.swift */ = {isa = PBXFileReference; lastKnownFileType = sourcecode.swift; path = TVShowsViewController.swift; sourceTree = "<group>"; };
		D5E33EAD22F09A420027B85E /* TVShowsViewModel.swift */ = {isa = PBXFileReference; lastKnownFileType = sourcecode.swift; path = TVShowsViewModel.swift; sourceTree = "<group>"; };
		D5E33EB222F0A2C70027B85E /* TVShowItemViewModel.swift */ = {isa = PBXFileReference; lastKnownFileType = sourcecode.swift; path = TVShowItemViewModel.swift; sourceTree = "<group>"; };
		D5E33EB422F0A38A0027B85E /* TVShowsNavigator.swift */ = {isa = PBXFileReference; lastKnownFileType = sourcecode.swift; path = TVShowsNavigator.swift; sourceTree = "<group>"; };
		D5E33EB822F0DD3E0027B85E /* PopularTVShowsTableViewCell.swift */ = {isa = PBXFileReference; lastKnownFileType = sourcecode.swift; path = PopularTVShowsTableViewCell.swift; sourceTree = "<group>"; };
		D5E33EBA22F0E3D80027B85E /* TVShowDetailViewModel.swift */ = {isa = PBXFileReference; lastKnownFileType = sourcecode.swift; path = TVShowDetailViewModel.swift; sourceTree = "<group>"; };
		D5E33EBC22F0E3E80027B85E /* TVShowDetailViewController.swift */ = {isa = PBXFileReference; lastKnownFileType = sourcecode.swift; path = TVShowDetailViewController.swift; sourceTree = "<group>"; };
		D5E33EBE22F0E4350027B85E /* TVShowDetailItemViewModel.swift */ = {isa = PBXFileReference; lastKnownFileType = sourcecode.swift; path = TVShowDetailItemViewModel.swift; sourceTree = "<group>"; };
		D5E33EC022F0E4910027B85E /* TVShowDetailNavigator.swift */ = {isa = PBXFileReference; lastKnownFileType = sourcecode.swift; path = TVShowDetailNavigator.swift; sourceTree = "<group>"; };
		D5E33EC222F0E7C20027B85E /* MovieDetailViewController.swift */ = {isa = PBXFileReference; fileEncoding = 4; lastKnownFileType = sourcecode.swift; path = MovieDetailViewController.swift; sourceTree = "<group>"; };
/* End PBXFileReference section */

/* Begin PBXFrameworksBuildPhase section */
		D5D954A322EC68A700D1C00C /* Frameworks */ = {
			isa = PBXFrameworksBuildPhase;
			buildActionMask = 2147483647;
			files = (
				D59091E822EDE94C00DB907B /* RxKingfisher.framework in Frameworks */,
				D59091E922EDE94C00DB907B /* Kingfisher.framework in Frameworks */,
				D5D954C422EC7F6400D1C00C /* Result.framework in Frameworks */,
				D5D954C522EC7F6400D1C00C /* Alamofire.framework in Frameworks */,
				D59091EE22EDEBED00DB907B /* RxKingfisher.framework in Frameworks */,
				D59091EC22EDEBED00DB907B /* Kingfisher.framework in Frameworks */,
				D5D954C622EC7F6400D1C00C /* RxAtomic.framework in Frameworks */,
				D5D954E122EC80F600D1C00C /* Domain.framework in Frameworks */,
				D5D954C722EC7F6400D1C00C /* RxMoya.framework in Frameworks */,
				D5D954C822EC7F6400D1C00C /* RxBlocking.framework in Frameworks */,
				D5D954F222EC811500D1C00C /* NetworkPlatform.framework in Frameworks */,
				D5D954C922EC7F6400D1C00C /* RxCocoa.framework in Frameworks */,
				D5D954CA22EC7F6400D1C00C /* RxSwift.framework in Frameworks */,
				D5D954CB22EC7F6400D1C00C /* Moya.framework in Frameworks */,
			);
			runOnlyForDeploymentPostprocessing = 0;
		};
		D5D954D722EC80F600D1C00C /* Frameworks */ = {
			isa = PBXFrameworksBuildPhase;
			buildActionMask = 2147483647;
			files = (
				D5D9550922EC8C1E00D1C00C /* RxSwift.framework in Frameworks */,
			);
			runOnlyForDeploymentPostprocessing = 0;
		};
		D5D954E822EC811500D1C00C /* Frameworks */ = {
			isa = PBXFrameworksBuildPhase;
			buildActionMask = 2147483647;
			files = (
				D5D9551D22EC929D00D1C00C /* Domain.framework in Frameworks */,
				D5D9551A22EC923B00D1C00C /* Moya.framework in Frameworks */,
				D5D9551922EC922F00D1C00C /* RxSwift.framework in Frameworks */,
			);
			runOnlyForDeploymentPostprocessing = 0;
		};
/* End PBXFrameworksBuildPhase section */

/* Begin PBXGroup section */
		D5194CC822ECED12001FB3EF /* Common */ = {
			isa = PBXGroup;
			children = (
				D5194CC922ECED24001FB3EF /* ViewModelType.swift */,
			);
			path = Common;
			sourceTree = "<group>";
		};
		D5194CCB22ECED3B001FB3EF /* Utility */ = {
			isa = PBXGroup;
			children = (
				D5194CCC22ECED4C001FB3EF /* ActivityIndicator.swift */,
				D5194CCE22ECED58001FB3EF /* ErrorTracker.swift */,
				D5194CD022ECED65001FB3EF /* Observable+Ext.swift */,
				D5194CD222ECED6F001FB3EF /* Reusable.swift */,
				D59091EA22EDEAD500DB907B /* StringExtensions.swift */,
			);
			path = Utility;
			sourceTree = "<group>";
		};
		D5194CD422ECEDF2001FB3EF /* Scenes */ = {
			isa = PBXGroup;
			children = (
				D5194CD722ECEE30001FB3EF /* Profile */,
				D5194CD622ECEE27001FB3EF /* TVShows */,
				D5194CD522ECEE1C001FB3EF /* Movies */,
			);
			path = Scenes;
			sourceTree = "<group>";
		};
		D5194CD522ECEE1C001FB3EF /* Movies */ = {
			isa = PBXGroup;
			children = (
				D5194CD922ECEE43001FB3EF /* Detail */,
				D5194CD822ECEE3E001FB3EF /* List */,
			);
			path = Movies;
			sourceTree = "<group>";
		};
		D5194CD622ECEE27001FB3EF /* TVShows */ = {
			isa = PBXGroup;
			children = (
				D5194CDB22ECEE4C001FB3EF /* Detail */,
				D5194CDA22ECEE48001FB3EF /* List */,
			);
			path = TVShows;
			sourceTree = "<group>";
		};
		D5194CD722ECEE30001FB3EF /* Profile */ = {
			isa = PBXGroup;
			children = (
			);
			path = Profile;
			sourceTree = "<group>";
		};
		D5194CD822ECEE3E001FB3EF /* List */ = {
			isa = PBXGroup;
			children = (
				D5194CF122ED0C8D001FB3EF /* Views */,
				D5194CF022ED0C83001FB3EF /* Navigators */,
				D5194CEF22ED0C7C001FB3EF /* ViewModels */,
				D5194CEE22ED0C71001FB3EF /* ViewControllers */,
			);
			path = List;
			sourceTree = "<group>";
		};
		D5194CD922ECEE43001FB3EF /* Detail */ = {
			isa = PBXGroup;
			children = (
				D593BDB922EE3D27003F8EC7 /* Views */,
				D593BDB822EE3D1D003F8EC7 /* Navigators */,
				D593BDB722EE3D17003F8EC7 /* ViewModels */,
				D593BDB622EE3D0F003F8EC7 /* ViewControllers */,
			);
			path = Detail;
			sourceTree = "<group>";
		};
		D5194CDA22ECEE48001FB3EF /* List */ = {
			isa = PBXGroup;
			children = (
				D5E33EAB22F09A2A0027B85E /* TVShowsViewController.swift */,
				D5E33EAD22F09A420027B85E /* TVShowsViewModel.swift */,
				D5E33EB222F0A2C70027B85E /* TVShowItemViewModel.swift */,
				D5E33EB422F0A38A0027B85E /* TVShowsNavigator.swift */,
				D5E33EB822F0DD3E0027B85E /* PopularTVShowsTableViewCell.swift */,
			);
			path = List;
			sourceTree = "<group>";
		};
		D5194CDB22ECEE4C001FB3EF /* Detail */ = {
			isa = PBXGroup;
			children = (
				D5E33EBA22F0E3D80027B85E /* TVShowDetailViewModel.swift */,
				D5E33EBC22F0E3E80027B85E /* TVShowDetailViewController.swift */,
				D5E33EBE22F0E4350027B85E /* TVShowDetailItemViewModel.swift */,
				D5E33EC022F0E4910027B85E /* TVShowDetailNavigator.swift */,
			);
			path = Detail;
			sourceTree = "<group>";
		};
		D5194CEE22ED0C71001FB3EF /* ViewControllers */ = {
			isa = PBXGroup;
			children = (
				D5194CE622ECF657001FB3EF /* MoviesViewController.swift */,
			);
			path = ViewControllers;
			sourceTree = "<group>";
		};
		D5194CEF22ED0C7C001FB3EF /* ViewModels */ = {
			isa = PBXGroup;
			children = (
				D5194CE022ECF1D3001FB3EF /* MovieItemViewModel.swift */,
				D5194CDE22ECEFA7001FB3EF /* MoviesViewModel.swift */,
			);
			path = ViewModels;
			sourceTree = "<group>";
		};
		D5194CF022ED0C83001FB3EF /* Navigators */ = {
			isa = PBXGroup;
			children = (
				D5194CDC22ECEE98001FB3EF /* MoviesNavigator.swift */,
			);
			path = Navigators;
			sourceTree = "<group>";
		};
		D5194CF122ED0C8D001FB3EF /* Views */ = {
			isa = PBXGroup;
			children = (
				D5194CF622ED0D6D001FB3EF /* TableViewCells */,
				D5194CF722ED0D8F001FB3EF /* CollectionViewCells */,
			);
			path = Views;
			sourceTree = "<group>";
		};
		D5194CF622ED0D6D001FB3EF /* TableViewCells */ = {
			isa = PBXGroup;
			children = (
				D5194CE822ECFD55001FB3EF /* NowPlayingMoviesTableViewCell.swift */,
				D5194CEA22ECFD72001FB3EF /* PopularMoviesTableViewCell.swift */,
				D5194CEC22ED04B1001FB3EF /* TopRatedMoviesTableViewCell.swift */,
			);
			path = TableViewCells;
			sourceTree = "<group>";
		};
		D5194CF722ED0D8F001FB3EF /* CollectionViewCells */ = {
			isa = PBXGroup;
			children = (
				D5C0014622EDB486009112EF /* MovieItemCollectionViewCell.swift */,
				D59091E422EDCF9D00DB907B /* MovieItemCollectionViewCell.xib */,
				D5E33EA722F097830027B85E /* MovieBackDropItemCollectionViewCell.swift */,
				D5E33EA822F097830027B85E /* MovieBackDropItemCollectionViewCell.xib */,
			);
			path = CollectionViewCells;
			sourceTree = "<group>";
		};
		D593BDB622EE3D0F003F8EC7 /* ViewControllers */ = {
			isa = PBXGroup;
			children = (
				D5E33EC222F0E7C20027B85E /* MovieDetailViewController.swift */,
			);
			path = ViewControllers;
			sourceTree = "<group>";
		};
		D593BDB722EE3D17003F8EC7 /* ViewModels */ = {
			isa = PBXGroup;
			children = (
				D593BDBC22EE3D65003F8EC7 /* MovieDetailViewModel.swift */,
				D593BDC022EE3D9C003F8EC7 /* MovieDetailItemViewModel.swift */,
				D5E33EA522EF26C90027B85E /* CreditsItemViewModel.swift */,
			);
			path = ViewModels;
			sourceTree = "<group>";
		};
		D593BDB822EE3D1D003F8EC7 /* Navigators */ = {
			isa = PBXGroup;
			children = (
				D593BDC222EE3E34003F8EC7 /* MovieDetailNavigator.swift */,
			);
			path = Navigators;
			sourceTree = "<group>";
		};
		D593BDB922EE3D27003F8EC7 /* Views */ = {
			isa = PBXGroup;
			children = (
				D5E33EA122EF217E0027B85E /* CreditsItemCollectionViewCell.swift */,
				D5E33EA222EF217E0027B85E /* CreditsItemCollectionViewCell.xib */,
			);
			path = Views;
			sourceTree = "<group>";
		};
		D5D9549D22EC68A700D1C00C = {
			isa = PBXGroup;
			children = (
				D5D954A822EC68A700D1C00C /* MovieDB */,
				D5D954DB22EC80F600D1C00C /* Domain */,
				D5D954EC22EC811500D1C00C /* NetworkPlatform */,
				D5D954A722EC68A700D1C00C /* Products */,
				D5D954BB22EC7F6400D1C00C /* Frameworks */,
			);
			sourceTree = "<group>";
		};
		D5D954A722EC68A700D1C00C /* Products */ = {
			isa = PBXGroup;
			children = (
				D5D954A622EC68A700D1C00C /* MovieDB.app */,
				D5D954DA22EC80F600D1C00C /* Domain.framework */,
				D5D954EB22EC811500D1C00C /* NetworkPlatform.framework */,
			);
			name = Products;
			sourceTree = "<group>";
		};
		D5D954A822EC68A700D1C00C /* MovieDB */ = {
			isa = PBXGroup;
			children = (
				D5194CD422ECEDF2001FB3EF /* Scenes */,
				D5194CCB22ECED3B001FB3EF /* Utility */,
				D5194CC822ECED12001FB3EF /* Common */,
				D5D9553F22ECA79500D1C00C /* Application */,
				D5D954A922EC68A700D1C00C /* AppDelegate.swift */,
				D5D954AB22EC68A700D1C00C /* ViewController.swift */,
				D5D954AD22EC68A700D1C00C /* Main.storyboard */,
				D5D954B022EC68A800D1C00C /* Assets.xcassets */,
				D5D954B222EC68A800D1C00C /* LaunchScreen.storyboard */,
				D5D954B522EC68A800D1C00C /* Info.plist */,
			);
			path = MovieDB;
			sourceTree = "<group>";
		};
		D5D954BB22EC7F6400D1C00C /* Frameworks */ = {
			isa = PBXGroup;
			children = (
				D59091E722EDE94C00DB907B /* Kingfisher.framework */,
				D59091E622EDE94C00DB907B /* RxKingfisher.framework */,
				D5D954BD22EC7F6400D1C00C /* Alamofire.framework */,
				D5D954C322EC7F6400D1C00C /* Moya.framework */,
				D5D954BC22EC7F6400D1C00C /* Result.framework */,
				D5D954BE22EC7F6400D1C00C /* RxAtomic.framework */,
				D5D954C022EC7F6400D1C00C /* RxBlocking.framework */,
				D5D954C122EC7F6400D1C00C /* RxCocoa.framework */,
				D5D954BF22EC7F6400D1C00C /* RxMoya.framework */,
				D5D954C222EC7F6400D1C00C /* RxSwift.framework */,
			);
			name = Frameworks;
			sourceTree = "<group>";
		};
		D5D954DB22EC80F600D1C00C /* Domain */ = {
			isa = PBXGroup;
			children = (
				D5D9550422EC844700D1C00C /* Entries */,
				D5D954F722EC817E00D1C00C /* UseCases */,
				D5D954DC22EC80F600D1C00C /* Domain.h */,
				D5D954DD22EC80F600D1C00C /* Info.plist */,
			);
			path = Domain;
			sourceTree = "<group>";
		};
		D5D954EC22EC811500D1C00C /* NetworkPlatform */ = {
			isa = PBXGroup;
			children = (
				D5D9554222ECA86900D1C00C /* UseCases */,
				D5D9551E22EC93B900D1C00C /* API */,
				D5D9552422EC97A300D1C00C /* Network */,
				D5D954ED22EC811500D1C00C /* NetworkPlatform.h */,
				D5D954EE22EC811500D1C00C /* Info.plist */,
			);
			path = NetworkPlatform;
			sourceTree = "<group>";
		};
		D5D954F722EC817E00D1C00C /* UseCases */ = {
			isa = PBXGroup;
			children = (
				D5D954F822EC819300D1C00C /* UseCaseProvider.swift */,
				D5D954FC22EC82F500D1C00C /* MoviesUseCase.swift */,
				D5D9550022EC832100D1C00C /* TVShowsUseCase.swift */,
				D5D9550222EC832F00D1C00C /* ProfileUseCase.swift */,
			);
			path = UseCases;
			sourceTree = "<group>";
		};
		D5D9550422EC844700D1C00C /* Entries */ = {
			isa = PBXGroup;
			children = (
				D5D9550522EC870C00D1C00C /* Movie.swift */,
				D5D9550722EC885900D1C00C /* TVShow.swift */,
				D5D9550A22EC8D8100D1C00C /* MovieDetail.swift */,
				D5D9550C22EC8E3600D1C00C /* Credits.swift */,
				D5D9551022EC8F1200D1C00C /* TVShowDetail.swift */,
			);
			path = Entries;
			sourceTree = "<group>";
		};
		D5D9551E22EC93B900D1C00C /* API */ = {
			isa = PBXGroup;
			children = (
				D5D9552122EC940A00D1C00C /* MDApi.swift */,
			);
			path = API;
			sourceTree = "<group>";
		};
		D5D9552422EC97A300D1C00C /* Network */ = {
			isa = PBXGroup;
			children = (
				D5D9552B22EC9C9A00D1C00C /* NetworkProvider.swift */,
				D5D9552522EC97D200D1C00C /* MovieNetwork.swift */,
				D5D9552722EC97DA00D1C00C /* TVShowNetwork.swift */,
			);
			path = Network;
			sourceTree = "<group>";
		};
		D5D9553F22ECA79500D1C00C /* Application */ = {
			isa = PBXGroup;
			children = (
				D5D9554022ECA7BB00D1C00C /* Application.swift */,
			);
			path = Application;
			sourceTree = "<group>";
		};
		D5D9554222ECA86900D1C00C /* UseCases */ = {
			isa = PBXGroup;
			children = (
				D5D9554322ECA8E600D1C00C /* UseCaseProvider.swift */,
				D5D9554522ECA98F00D1C00C /* MoviesUseCase.swift */,
				D5D9554722ECA99800D1C00C /* TVShowUseCase.swift */,
			);
			path = UseCases;
			sourceTree = "<group>";
		};
/* End PBXGroup section */

/* Begin PBXHeadersBuildPhase section */
		D5D954D522EC80F600D1C00C /* Headers */ = {
			isa = PBXHeadersBuildPhase;
			buildActionMask = 2147483647;
			files = (
				D5D954DE22EC80F600D1C00C /* Domain.h in Headers */,
			);
			runOnlyForDeploymentPostprocessing = 0;
		};
		D5D954E622EC811500D1C00C /* Headers */ = {
			isa = PBXHeadersBuildPhase;
			buildActionMask = 2147483647;
			files = (
				D5D954EF22EC811500D1C00C /* NetworkPlatform.h in Headers */,
			);
			runOnlyForDeploymentPostprocessing = 0;
		};
/* End PBXHeadersBuildPhase section */

/* Begin PBXNativeTarget section */
		D5D954A522EC68A700D1C00C /* MovieDB */ = {
			isa = PBXNativeTarget;
			buildConfigurationList = D5D954B822EC68A800D1C00C /* Build configuration list for PBXNativeTarget "MovieDB" */;
			buildPhases = (
				D5D954A222EC68A700D1C00C /* Sources */,
				D5D954A322EC68A700D1C00C /* Frameworks */,
				D5D954A422EC68A700D1C00C /* Resources */,
				D5D954CC22EC7F7A00D1C00C /* CopyFiles */,
			);
			buildRules = (
			);
			dependencies = (
				D5D954E022EC80F600D1C00C /* PBXTargetDependency */,
				D5D954F122EC811500D1C00C /* PBXTargetDependency */,
			);
			name = MovieDB;
			productName = MovieDB;
			productReference = D5D954A622EC68A700D1C00C /* MovieDB.app */;
			productType = "com.apple.product-type.application";
		};
		D5D954D922EC80F600D1C00C /* Domain */ = {
			isa = PBXNativeTarget;
			buildConfigurationList = D5D954E322EC80F600D1C00C /* Build configuration list for PBXNativeTarget "Domain" */;
			buildPhases = (
				D5D954D522EC80F600D1C00C /* Headers */,
				D5D954D622EC80F600D1C00C /* Sources */,
				D5D954D722EC80F600D1C00C /* Frameworks */,
				D5D954D822EC80F600D1C00C /* Resources */,
			);
			buildRules = (
			);
			dependencies = (
			);
			name = Domain;
			productName = Domain;
			productReference = D5D954DA22EC80F600D1C00C /* Domain.framework */;
			productType = "com.apple.product-type.framework";
		};
		D5D954EA22EC811500D1C00C /* NetworkPlatform */ = {
			isa = PBXNativeTarget;
			buildConfigurationList = D5D954F422EC811500D1C00C /* Build configuration list for PBXNativeTarget "NetworkPlatform" */;
			buildPhases = (
				D5D954E622EC811500D1C00C /* Headers */,
				D5D954E722EC811500D1C00C /* Sources */,
				D5D954E822EC811500D1C00C /* Frameworks */,
				D5D954E922EC811500D1C00C /* Resources */,
			);
			buildRules = (
			);
			dependencies = (
			);
			name = NetworkPlatform;
			productName = NetworkPlatform;
			productReference = D5D954EB22EC811500D1C00C /* NetworkPlatform.framework */;
			productType = "com.apple.product-type.framework";
		};
/* End PBXNativeTarget section */

/* Begin PBXProject section */
		D5D9549E22EC68A700D1C00C /* Project object */ = {
			isa = PBXProject;
			attributes = {
				LastSwiftUpdateCheck = 1020;
				LastUpgradeCheck = 1020;
				ORGANIZATIONNAME = "Tarık Taha Uygun";
				TargetAttributes = {
					D5D954A522EC68A700D1C00C = {
						CreatedOnToolsVersion = 10.2.1;
					};
					D5D954D922EC80F600D1C00C = {
						CreatedOnToolsVersion = 10.2.1;
						LastSwiftMigration = 1020;
					};
					D5D954EA22EC811500D1C00C = {
						CreatedOnToolsVersion = 10.2.1;
						LastSwiftMigration = 1020;
					};
				};
			};
			buildConfigurationList = D5D954A122EC68A700D1C00C /* Build configuration list for PBXProject "MovieDB" */;
			compatibilityVersion = "Xcode 9.3";
			developmentRegion = en;
			hasScannedForEncodings = 0;
			knownRegions = (
				en,
				Base,
			);
			mainGroup = D5D9549D22EC68A700D1C00C;
			productRefGroup = D5D954A722EC68A700D1C00C /* Products */;
			projectDirPath = "";
			projectRoot = "";
			targets = (
				D5D954A522EC68A700D1C00C /* MovieDB */,
				D5D954D922EC80F600D1C00C /* Domain */,
				D5D954EA22EC811500D1C00C /* NetworkPlatform */,
			);
		};
/* End PBXProject section */

/* Begin PBXResourcesBuildPhase section */
		D5D954A422EC68A700D1C00C /* Resources */ = {
			isa = PBXResourcesBuildPhase;
			buildActionMask = 2147483647;
			files = (
				D5E33EA422EF217E0027B85E /* CreditsItemCollectionViewCell.xib in Resources */,
				D5D954B422EC68A800D1C00C /* LaunchScreen.storyboard in Resources */,
				D5D954B122EC68A800D1C00C /* Assets.xcassets in Resources */,
				D59091E522EDCF9D00DB907B /* MovieItemCollectionViewCell.xib in Resources */,
				D5E33EAA22F097830027B85E /* MovieBackDropItemCollectionViewCell.xib in Resources */,
				D5D954AF22EC68A700D1C00C /* Main.storyboard in Resources */,
			);
			runOnlyForDeploymentPostprocessing = 0;
		};
		D5D954D822EC80F600D1C00C /* Resources */ = {
			isa = PBXResourcesBuildPhase;
			buildActionMask = 2147483647;
			files = (
			);
			runOnlyForDeploymentPostprocessing = 0;
		};
		D5D954E922EC811500D1C00C /* Resources */ = {
			isa = PBXResourcesBuildPhase;
			buildActionMask = 2147483647;
			files = (
			);
			runOnlyForDeploymentPostprocessing = 0;
		};
/* End PBXResourcesBuildPhase section */

/* Begin PBXSourcesBuildPhase section */
		D5D954A222EC68A700D1C00C /* Sources */ = {
			isa = PBXSourcesBuildPhase;
			buildActionMask = 2147483647;
			files = (
				D5E33EBB22F0E3D80027B85E /* TVShowDetailViewModel.swift in Sources */,
				D5E33EA922F097830027B85E /* MovieBackDropItemCollectionViewCell.swift in Sources */,
				D5E33EAC22F09A2A0027B85E /* TVShowsViewController.swift in Sources */,
				D5194CCA22ECED24001FB3EF /* ViewModelType.swift in Sources */,
				D593BDBD22EE3D65003F8EC7 /* MovieDetailViewModel.swift in Sources */,
				D5194CED22ED04B1001FB3EF /* TopRatedMoviesTableViewCell.swift in Sources */,
				D593BDC122EE3D9C003F8EC7 /* MovieDetailItemViewModel.swift in Sources */,
				D5E33EB522F0A38A0027B85E /* TVShowsNavigator.swift in Sources */,
				D5E33EA322EF217E0027B85E /* CreditsItemCollectionViewCell.swift in Sources */,
				D5194CCF22ECED58001FB3EF /* ErrorTracker.swift in Sources */,
				D5194CCD22ECED4C001FB3EF /* ActivityIndicator.swift in Sources */,
				D5E33EAE22F09A420027B85E /* TVShowsViewModel.swift in Sources */,
				D5E33EA622EF26C90027B85E /* CreditsItemViewModel.swift in Sources */,
				D5D9554122ECA7BB00D1C00C /* Application.swift in Sources */,
				D5194CEB22ECFD72001FB3EF /* PopularMoviesTableViewCell.swift in Sources */,
				D5C0014722EDB486009112EF /* MovieItemCollectionViewCell.swift in Sources */,
				D5E33EB322F0A2C70027B85E /* TVShowItemViewModel.swift in Sources */,
				D5194CD322ECED6F001FB3EF /* Reusable.swift in Sources */,
				D593BDC322EE3E34003F8EC7 /* MovieDetailNavigator.swift in Sources */,
				D5E33EBF22F0E4350027B85E /* TVShowDetailItemViewModel.swift in Sources */,
				D5E33EB922F0DD3E0027B85E /* PopularTVShowsTableViewCell.swift in Sources */,
				D5D954AC22EC68A700D1C00C /* ViewController.swift in Sources */,
				D5194CDD22ECEE98001FB3EF /* MoviesNavigator.swift in Sources */,
				D5194CE722ECF657001FB3EF /* MoviesViewController.swift in Sources */,
				D5194CE122ECF1D3001FB3EF /* MovieItemViewModel.swift in Sources */,
				D5194CD122ECED65001FB3EF /* Observable+Ext.swift in Sources */,
				D5194CE922ECFD55001FB3EF /* NowPlayingMoviesTableViewCell.swift in Sources */,
				D5E33EC122F0E4910027B85E /* TVShowDetailNavigator.swift in Sources */,
				D5D954AA22EC68A700D1C00C /* AppDelegate.swift in Sources */,
				D5E33EBD22F0E3E80027B85E /* TVShowDetailViewController.swift in Sources */,
				D5194CDF22ECEFA7001FB3EF /* MoviesViewModel.swift in Sources */,
				D5E33EC322F0E7C30027B85E /* MovieDetailViewController.swift in Sources */,
				D59091EB22EDEAD500DB907B /* StringExtensions.swift in Sources */,
			);
			runOnlyForDeploymentPostprocessing = 0;
		};
		D5D954D622EC80F600D1C00C /* Sources */ = {
			isa = PBXSourcesBuildPhase;
			buildActionMask = 2147483647;
			files = (
				D5D9550122EC832100D1C00C /* TVShowsUseCase.swift in Sources */,
				D5D9550B22EC8D8100D1C00C /* MovieDetail.swift in Sources */,
				D5D9550322EC832F00D1C00C /* ProfileUseCase.swift in Sources */,
				D5D9550822EC885900D1C00C /* TVShow.swift in Sources */,
				D5D954FD22EC82F500D1C00C /* MoviesUseCase.swift in Sources */,
				D5D954F922EC819300D1C00C /* UseCaseProvider.swift in Sources */,
				D5D9550D22EC8E3600D1C00C /* Credits.swift in Sources */,
				D5D9550622EC870C00D1C00C /* Movie.swift in Sources */,
				D5D9551122EC8F1200D1C00C /* TVShowDetail.swift in Sources */,
			);
			runOnlyForDeploymentPostprocessing = 0;
		};
		D5D954E722EC811500D1C00C /* Sources */ = {
			isa = PBXSourcesBuildPhase;
			buildActionMask = 2147483647;
			files = (
				D5D9552822EC97DA00D1C00C /* TVShowNetwork.swift in Sources */,
				D5D9552222EC940A00D1C00C /* MDApi.swift in Sources */,
				D5D9552622EC97D200D1C00C /* MovieNetwork.swift in Sources */,
				D5D9552C22EC9C9A00D1C00C /* NetworkProvider.swift in Sources */,
				D5D9554622ECA98F00D1C00C /* MoviesUseCase.swift in Sources */,
				D5D9554822ECA99800D1C00C /* TVShowUseCase.swift in Sources */,
				D5D9554422ECA8E600D1C00C /* UseCaseProvider.swift in Sources */,
			);
			runOnlyForDeploymentPostprocessing = 0;
		};
/* End PBXSourcesBuildPhase section */

/* Begin PBXTargetDependency section */
		D5D954E022EC80F600D1C00C /* PBXTargetDependency */ = {
			isa = PBXTargetDependency;
			target = D5D954D922EC80F600D1C00C /* Domain */;
			targetProxy = D5D954DF22EC80F600D1C00C /* PBXContainerItemProxy */;
		};
		D5D954F122EC811500D1C00C /* PBXTargetDependency */ = {
			isa = PBXTargetDependency;
			target = D5D954EA22EC811500D1C00C /* NetworkPlatform */;
			targetProxy = D5D954F022EC811500D1C00C /* PBXContainerItemProxy */;
		};
/* End PBXTargetDependency section */

/* Begin PBXVariantGroup section */
		D5D954AD22EC68A700D1C00C /* Main.storyboard */ = {
			isa = PBXVariantGroup;
			children = (
				D5D954AE22EC68A700D1C00C /* Base */,
			);
			name = Main.storyboard;
			sourceTree = "<group>";
		};
		D5D954B222EC68A800D1C00C /* LaunchScreen.storyboard */ = {
			isa = PBXVariantGroup;
			children = (
				D5D954B322EC68A800D1C00C /* Base */,
			);
			name = LaunchScreen.storyboard;
			sourceTree = "<group>";
		};
/* End PBXVariantGroup section */

/* Begin XCBuildConfiguration section */
		D5D954B622EC68A800D1C00C /* Debug */ = {
			isa = XCBuildConfiguration;
			buildSettings = {
				ALWAYS_SEARCH_USER_PATHS = NO;
				CLANG_ANALYZER_NONNULL = YES;
				CLANG_ANALYZER_NUMBER_OBJECT_CONVERSION = YES_AGGRESSIVE;
				CLANG_CXX_LANGUAGE_STANDARD = "gnu++14";
				CLANG_CXX_LIBRARY = "libc++";
				CLANG_ENABLE_MODULES = YES;
				CLANG_ENABLE_OBJC_ARC = YES;
				CLANG_ENABLE_OBJC_WEAK = YES;
				CLANG_WARN_BLOCK_CAPTURE_AUTORELEASING = YES;
				CLANG_WARN_BOOL_CONVERSION = YES;
				CLANG_WARN_COMMA = YES;
				CLANG_WARN_CONSTANT_CONVERSION = YES;
				CLANG_WARN_DEPRECATED_OBJC_IMPLEMENTATIONS = YES;
				CLANG_WARN_DIRECT_OBJC_ISA_USAGE = YES_ERROR;
				CLANG_WARN_DOCUMENTATION_COMMENTS = YES;
				CLANG_WARN_EMPTY_BODY = YES;
				CLANG_WARN_ENUM_CONVERSION = YES;
				CLANG_WARN_INFINITE_RECURSION = YES;
				CLANG_WARN_INT_CONVERSION = YES;
				CLANG_WARN_NON_LITERAL_NULL_CONVERSION = YES;
				CLANG_WARN_OBJC_IMPLICIT_RETAIN_SELF = YES;
				CLANG_WARN_OBJC_LITERAL_CONVERSION = YES;
				CLANG_WARN_OBJC_ROOT_CLASS = YES_ERROR;
				CLANG_WARN_RANGE_LOOP_ANALYSIS = YES;
				CLANG_WARN_STRICT_PROTOTYPES = YES;
				CLANG_WARN_SUSPICIOUS_MOVE = YES;
				CLANG_WARN_UNGUARDED_AVAILABILITY = YES_AGGRESSIVE;
				CLANG_WARN_UNREACHABLE_CODE = YES;
				CLANG_WARN__DUPLICATE_METHOD_MATCH = YES;
				CODE_SIGN_IDENTITY = "iPhone Developer";
				COPY_PHASE_STRIP = NO;
				DEBUG_INFORMATION_FORMAT = dwarf;
				ENABLE_STRICT_OBJC_MSGSEND = YES;
				ENABLE_TESTABILITY = YES;
				GCC_C_LANGUAGE_STANDARD = gnu11;
				GCC_DYNAMIC_NO_PIC = NO;
				GCC_NO_COMMON_BLOCKS = YES;
				GCC_OPTIMIZATION_LEVEL = 0;
				GCC_PREPROCESSOR_DEFINITIONS = (
					"DEBUG=1",
					"$(inherited)",
				);
				GCC_WARN_64_TO_32_BIT_CONVERSION = YES;
				GCC_WARN_ABOUT_RETURN_TYPE = YES_ERROR;
				GCC_WARN_UNDECLARED_SELECTOR = YES;
				GCC_WARN_UNINITIALIZED_AUTOS = YES_AGGRESSIVE;
				GCC_WARN_UNUSED_FUNCTION = YES;
				GCC_WARN_UNUSED_VARIABLE = YES;
				IPHONEOS_DEPLOYMENT_TARGET = 12.2;
				MTL_ENABLE_DEBUG_INFO = INCLUDE_SOURCE;
				MTL_FAST_MATH = YES;
				ONLY_ACTIVE_ARCH = YES;
				SDKROOT = iphoneos;
				SWIFT_ACTIVE_COMPILATION_CONDITIONS = DEBUG;
				SWIFT_OPTIMIZATION_LEVEL = "-Onone";
			};
			name = Debug;
		};
		D5D954B722EC68A800D1C00C /* Release */ = {
			isa = XCBuildConfiguration;
			buildSettings = {
				ALWAYS_SEARCH_USER_PATHS = NO;
				CLANG_ANALYZER_NONNULL = YES;
				CLANG_ANALYZER_NUMBER_OBJECT_CONVERSION = YES_AGGRESSIVE;
				CLANG_CXX_LANGUAGE_STANDARD = "gnu++14";
				CLANG_CXX_LIBRARY = "libc++";
				CLANG_ENABLE_MODULES = YES;
				CLANG_ENABLE_OBJC_ARC = YES;
				CLANG_ENABLE_OBJC_WEAK = YES;
				CLANG_WARN_BLOCK_CAPTURE_AUTORELEASING = YES;
				CLANG_WARN_BOOL_CONVERSION = YES;
				CLANG_WARN_COMMA = YES;
				CLANG_WARN_CONSTANT_CONVERSION = YES;
				CLANG_WARN_DEPRECATED_OBJC_IMPLEMENTATIONS = YES;
				CLANG_WARN_DIRECT_OBJC_ISA_USAGE = YES_ERROR;
				CLANG_WARN_DOCUMENTATION_COMMENTS = YES;
				CLANG_WARN_EMPTY_BODY = YES;
				CLANG_WARN_ENUM_CONVERSION = YES;
				CLANG_WARN_INFINITE_RECURSION = YES;
				CLANG_WARN_INT_CONVERSION = YES;
				CLANG_WARN_NON_LITERAL_NULL_CONVERSION = YES;
				CLANG_WARN_OBJC_IMPLICIT_RETAIN_SELF = YES;
				CLANG_WARN_OBJC_LITERAL_CONVERSION = YES;
				CLANG_WARN_OBJC_ROOT_CLASS = YES_ERROR;
				CLANG_WARN_RANGE_LOOP_ANALYSIS = YES;
				CLANG_WARN_STRICT_PROTOTYPES = YES;
				CLANG_WARN_SUSPICIOUS_MOVE = YES;
				CLANG_WARN_UNGUARDED_AVAILABILITY = YES_AGGRESSIVE;
				CLANG_WARN_UNREACHABLE_CODE = YES;
				CLANG_WARN__DUPLICATE_METHOD_MATCH = YES;
				CODE_SIGN_IDENTITY = "iPhone Developer";
				COPY_PHASE_STRIP = NO;
				DEBUG_INFORMATION_FORMAT = "dwarf-with-dsym";
				ENABLE_NS_ASSERTIONS = NO;
				ENABLE_STRICT_OBJC_MSGSEND = YES;
				GCC_C_LANGUAGE_STANDARD = gnu11;
				GCC_NO_COMMON_BLOCKS = YES;
				GCC_WARN_64_TO_32_BIT_CONVERSION = YES;
				GCC_WARN_ABOUT_RETURN_TYPE = YES_ERROR;
				GCC_WARN_UNDECLARED_SELECTOR = YES;
				GCC_WARN_UNINITIALIZED_AUTOS = YES_AGGRESSIVE;
				GCC_WARN_UNUSED_FUNCTION = YES;
				GCC_WARN_UNUSED_VARIABLE = YES;
				IPHONEOS_DEPLOYMENT_TARGET = 12.2;
				MTL_ENABLE_DEBUG_INFO = NO;
				MTL_FAST_MATH = YES;
				SDKROOT = iphoneos;
				SWIFT_COMPILATION_MODE = wholemodule;
				SWIFT_OPTIMIZATION_LEVEL = "-O";
				VALIDATE_PRODUCT = YES;
			};
			name = Release;
		};
		D5D954B922EC68A800D1C00C /* Debug */ = {
			isa = XCBuildConfiguration;
			buildSettings = {
				ALWAYS_EMBED_SWIFT_STANDARD_LIBRARIES = YES;
				ASSETCATALOG_COMPILER_APPICON_NAME = AppIcon;
				CODE_SIGN_STYLE = Automatic;
				DEVELOPMENT_TEAM = 693NZ69PJ7;
				FRAMEWORK_SEARCH_PATHS = (
					"$(inherited)",
					"$(PROJECT_DIR)/Carthage/Build/iOS",
				);
				INFOPLIST_FILE = MovieDB/Info.plist;
				LD_RUNPATH_SEARCH_PATHS = (
					"$(inherited)",
					"@executable_path/Frameworks",
				);
				PRODUCT_BUNDLE_IDENTIFIER = com.ttuygun.MovieDB;
				PRODUCT_NAME = "$(TARGET_NAME)";
				SWIFT_VERSION = 5.0;
				TARGETED_DEVICE_FAMILY = "1,2";
			};
			name = Debug;
		};
		D5D954BA22EC68A800D1C00C /* Release */ = {
			isa = XCBuildConfiguration;
			buildSettings = {
				ALWAYS_EMBED_SWIFT_STANDARD_LIBRARIES = YES;
				ASSETCATALOG_COMPILER_APPICON_NAME = AppIcon;
				CODE_SIGN_STYLE = Automatic;
				DEVELOPMENT_TEAM = 693NZ69PJ7;
				FRAMEWORK_SEARCH_PATHS = (
					"$(inherited)",
					"$(PROJECT_DIR)/Carthage/Build/iOS",
				);
				INFOPLIST_FILE = MovieDB/Info.plist;
				LD_RUNPATH_SEARCH_PATHS = (
					"$(inherited)",
					"@executable_path/Frameworks",
				);
				PRODUCT_BUNDLE_IDENTIFIER = com.ttuygun.MovieDB;
				PRODUCT_NAME = "$(TARGET_NAME)";
				SWIFT_VERSION = 5.0;
				TARGETED_DEVICE_FAMILY = "1,2";
			};
			name = Release;
		};
		D5D954E422EC80F600D1C00C /* Debug */ = {
			isa = XCBuildConfiguration;
			buildSettings = {
				CLANG_ENABLE_MODULES = YES;
				CODE_SIGN_IDENTITY = "";
				CODE_SIGN_STYLE = Automatic;
				CURRENT_PROJECT_VERSION = 1;
				DEFINES_MODULE = YES;
				DEVELOPMENT_TEAM = 693NZ69PJ7;
				DYLIB_COMPATIBILITY_VERSION = 1;
				DYLIB_CURRENT_VERSION = 1;
				DYLIB_INSTALL_NAME_BASE = "@rpath";
				FRAMEWORK_SEARCH_PATHS = (
					"$(inherited)",
					"$(PROJECT_DIR)/Carthage/Build/iOS",
				);
				INFOPLIST_FILE = Domain/Info.plist;
				INSTALL_PATH = "$(LOCAL_LIBRARY_DIR)/Frameworks";
				LD_RUNPATH_SEARCH_PATHS = (
					"$(inherited)",
					"@executable_path/Frameworks",
					"@loader_path/Frameworks",
				);
				PRODUCT_BUNDLE_IDENTIFIER = com.ttuygun.Domain;
				PRODUCT_NAME = "$(TARGET_NAME:c99extidentifier)";
				SKIP_INSTALL = YES;
				SWIFT_OPTIMIZATION_LEVEL = "-Onone";
				SWIFT_VERSION = 5.0;
				TARGETED_DEVICE_FAMILY = "1,2";
				VERSIONING_SYSTEM = "apple-generic";
				VERSION_INFO_PREFIX = "";
			};
			name = Debug;
		};
		D5D954E522EC80F600D1C00C /* Release */ = {
			isa = XCBuildConfiguration;
			buildSettings = {
				CLANG_ENABLE_MODULES = YES;
				CODE_SIGN_IDENTITY = "";
				CODE_SIGN_STYLE = Automatic;
				CURRENT_PROJECT_VERSION = 1;
				DEFINES_MODULE = YES;
				DEVELOPMENT_TEAM = 693NZ69PJ7;
				DYLIB_COMPATIBILITY_VERSION = 1;
				DYLIB_CURRENT_VERSION = 1;
				DYLIB_INSTALL_NAME_BASE = "@rpath";
				FRAMEWORK_SEARCH_PATHS = (
					"$(inherited)",
					"$(PROJECT_DIR)/Carthage/Build/iOS",
				);
				INFOPLIST_FILE = Domain/Info.plist;
				INSTALL_PATH = "$(LOCAL_LIBRARY_DIR)/Frameworks";
				LD_RUNPATH_SEARCH_PATHS = (
					"$(inherited)",
					"@executable_path/Frameworks",
					"@loader_path/Frameworks",
				);
				PRODUCT_BUNDLE_IDENTIFIER = com.ttuygun.Domain;
				PRODUCT_NAME = "$(TARGET_NAME:c99extidentifier)";
				SKIP_INSTALL = YES;
				SWIFT_VERSION = 5.0;
				TARGETED_DEVICE_FAMILY = "1,2";
				VERSIONING_SYSTEM = "apple-generic";
				VERSION_INFO_PREFIX = "";
			};
			name = Release;
		};
		D5D954F522EC811500D1C00C /* Debug */ = {
			isa = XCBuildConfiguration;
			buildSettings = {
				CLANG_ENABLE_MODULES = YES;
				CODE_SIGN_IDENTITY = "";
				CODE_SIGN_STYLE = Automatic;
				CURRENT_PROJECT_VERSION = 1;
				DEFINES_MODULE = YES;
				DEVELOPMENT_TEAM = 693NZ69PJ7;
				DYLIB_COMPATIBILITY_VERSION = 1;
				DYLIB_CURRENT_VERSION = 1;
				DYLIB_INSTALL_NAME_BASE = "@rpath";
				FRAMEWORK_SEARCH_PATHS = (
					"$(inherited)",
					"$(PROJECT_DIR)/Carthage/Build/iOS",
				);
				INFOPLIST_FILE = NetworkPlatform/Info.plist;
				INSTALL_PATH = "$(LOCAL_LIBRARY_DIR)/Frameworks";
				LD_RUNPATH_SEARCH_PATHS = (
					"$(inherited)",
					"@executable_path/Frameworks",
					"@loader_path/Frameworks",
				);
				PRODUCT_BUNDLE_IDENTIFIER = com.ttuygun.NetworkPlatform;
				PRODUCT_NAME = "$(TARGET_NAME:c99extidentifier)";
				SKIP_INSTALL = YES;
				SWIFT_OPTIMIZATION_LEVEL = "-Onone";
				SWIFT_VERSION = 5.0;
				TARGETED_DEVICE_FAMILY = "1,2";
				VERSIONING_SYSTEM = "apple-generic";
				VERSION_INFO_PREFIX = "";
			};
			name = Debug;
		};
		D5D954F622EC811500D1C00C /* Release */ = {
			isa = XCBuildConfiguration;
			buildSettings = {
				CLANG_ENABLE_MODULES = YES;
				CODE_SIGN_IDENTITY = "";
				CODE_SIGN_STYLE = Automatic;
				CURRENT_PROJECT_VERSION = 1;
				DEFINES_MODULE = YES;
				DEVELOPMENT_TEAM = 693NZ69PJ7;
				DYLIB_COMPATIBILITY_VERSION = 1;
				DYLIB_CURRENT_VERSION = 1;
				DYLIB_INSTALL_NAME_BASE = "@rpath";
				FRAMEWORK_SEARCH_PATHS = (
					"$(inherited)",
					"$(PROJECT_DIR)/Carthage/Build/iOS",
				);
				INFOPLIST_FILE = NetworkPlatform/Info.plist;
				INSTALL_PATH = "$(LOCAL_LIBRARY_DIR)/Frameworks";
				LD_RUNPATH_SEARCH_PATHS = (
					"$(inherited)",
					"@executable_path/Frameworks",
					"@loader_path/Frameworks",
				);
				PRODUCT_BUNDLE_IDENTIFIER = com.ttuygun.NetworkPlatform;
				PRODUCT_NAME = "$(TARGET_NAME:c99extidentifier)";
				SKIP_INSTALL = YES;
				SWIFT_VERSION = 5.0;
				TARGETED_DEVICE_FAMILY = "1,2";
				VERSIONING_SYSTEM = "apple-generic";
				VERSION_INFO_PREFIX = "";
			};
			name = Release;
		};
/* End XCBuildConfiguration section */

/* Begin XCConfigurationList section */
		D5D954A122EC68A700D1C00C /* Build configuration list for PBXProject "MovieDB" */ = {
			isa = XCConfigurationList;
			buildConfigurations = (
				D5D954B622EC68A800D1C00C /* Debug */,
				D5D954B722EC68A800D1C00C /* Release */,
			);
			defaultConfigurationIsVisible = 0;
			defaultConfigurationName = Release;
		};
		D5D954B822EC68A800D1C00C /* Build configuration list for PBXNativeTarget "MovieDB" */ = {
			isa = XCConfigurationList;
			buildConfigurations = (
				D5D954B922EC68A800D1C00C /* Debug */,
				D5D954BA22EC68A800D1C00C /* Release */,
			);
			defaultConfigurationIsVisible = 0;
			defaultConfigurationName = Release;
		};
		D5D954E322EC80F600D1C00C /* Build configuration list for PBXNativeTarget "Domain" */ = {
			isa = XCConfigurationList;
			buildConfigurations = (
				D5D954E422EC80F600D1C00C /* Debug */,
				D5D954E522EC80F600D1C00C /* Release */,
			);
			defaultConfigurationIsVisible = 0;
			defaultConfigurationName = Release;
		};
		D5D954F422EC811500D1C00C /* Build configuration list for PBXNativeTarget "NetworkPlatform" */ = {
			isa = XCConfigurationList;
			buildConfigurations = (
				D5D954F522EC811500D1C00C /* Debug */,
				D5D954F622EC811500D1C00C /* Release */,
			);
			defaultConfigurationIsVisible = 0;
			defaultConfigurationName = Release;
		};
/* End XCConfigurationList section */
	};
	rootObject = D5D9549E22EC68A700D1C00C /* Project object */;
}
